// !$*UTF8*$!
{
	archiveVersion = 1;
	classes = {
	};
	objectVersion = 56;
	objects = {

/* Begin PBXBuildFile section */
		080D8BC92C26C64F00109FDC /* AppDelegate.swift in Sources */ = {isa = PBXBuildFile; fileRef = 080D8BC82C26C64F00109FDC /* AppDelegate.swift */; };
		080D8BCB2C26C64F00109FDC /* SceneDelegate.swift in Sources */ = {isa = PBXBuildFile; fileRef = 080D8BCA2C26C64F00109FDC /* SceneDelegate.swift */; };
		080D8BCD2C26C64F00109FDC /* ViewController.swift in Sources */ = {isa = PBXBuildFile; fileRef = 080D8BCC2C26C64F00109FDC /* ViewController.swift */; };
		080D8BD02C26C64F00109FDC /* Base in Resources */ = {isa = PBXBuildFile; fileRef = 080D8BCF2C26C64F00109FDC /* Base */; };
		080D8BD22C26C65100109FDC /* Assets.xcassets in Resources */ = {isa = PBXBuildFile; fileRef = 080D8BD12C26C65100109FDC /* Assets.xcassets */; };
		080D8BD52C26C65100109FDC /* Base in Resources */ = {isa = PBXBuildFile; fileRef = 080D8BD42C26C65100109FDC /* Base */; };
		080D8BE02C26C65100109FDC /* ThirtyProjectsTests.swift in Sources */ = {isa = PBXBuildFile; fileRef = 080D8BDF2C26C65100109FDC /* ThirtyProjectsTests.swift */; };
		080D8BEA2C26C65100109FDC /* ThirtyProjectsUITests.swift in Sources */ = {isa = PBXBuildFile; fileRef = 080D8BE92C26C65100109FDC /* ThirtyProjectsUITests.swift */; };
		080D8BEC2C26C65100109FDC /* ThirtyProjectsUITestsLaunchTests.swift in Sources */ = {isa = PBXBuildFile; fileRef = 080D8BEB2C26C65100109FDC /* ThirtyProjectsUITestsLaunchTests.swift */; };
		080D8C012C26D3E700109FDC /* BaseViewController.swift in Sources */ = {isa = PBXBuildFile; fileRef = 080D8C002C26D3E700109FDC /* BaseViewController.swift */; };
/* End PBXBuildFile section */

/* Begin PBXContainerItemProxy section */
		080D8BDC2C26C65100109FDC /* PBXContainerItemProxy */ = {
			isa = PBXContainerItemProxy;
			containerPortal = 080D8BBD2C26C64F00109FDC /* Project object */;
			proxyType = 1;
			remoteGlobalIDString = 080D8BC42C26C64F00109FDC;
			remoteInfo = ThirtyProjects;
		};
		080D8BE62C26C65100109FDC /* PBXContainerItemProxy */ = {
			isa = PBXContainerItemProxy;
			containerPortal = 080D8BBD2C26C64F00109FDC /* Project object */;
			proxyType = 1;
			remoteGlobalIDString = 080D8BC42C26C64F00109FDC;
			remoteInfo = ThirtyProjects;
		};
/* End PBXContainerItemProxy section */

/* Begin PBXFileReference section */
		080D8BC52C26C64F00109FDC /* ThirtyProjects.app */ = {isa = PBXFileReference; explicitFileType = wrapper.application; includeInIndex = 0; path = ThirtyProjects.app; sourceTree = BUILT_PRODUCTS_DIR; };
		080D8BC82C26C64F00109FDC /* AppDelegate.swift */ = {isa = PBXFileReference; lastKnownFileType = sourcecode.swift; path = AppDelegate.swift; sourceTree = "<group>"; };
		080D8BCA2C26C64F00109FDC /* SceneDelegate.swift */ = {isa = PBXFileReference; lastKnownFileType = sourcecode.swift; path = SceneDelegate.swift; sourceTree = "<group>"; };
		080D8BCC2C26C64F00109FDC /* ViewController.swift */ = {isa = PBXFileReference; lastKnownFileType = sourcecode.swift; path = ViewController.swift; sourceTree = "<group>"; };
		080D8BCF2C26C64F00109FDC /* Base */ = {isa = PBXFileReference; lastKnownFileType = file.storyboard; name = Base; path = Base.lproj/Main.storyboard; sourceTree = "<group>"; };
		080D8BD12C26C65100109FDC /* Assets.xcassets */ = {isa = PBXFileReference; lastKnownFileType = folder.assetcatalog; path = Assets.xcassets; sourceTree = "<group>"; };
		080D8BD42C26C65100109FDC /* Base */ = {isa = PBXFileReference; lastKnownFileType = file.storyboard; name = Base; path = Base.lproj/LaunchScreen.storyboard; sourceTree = "<group>"; };
		080D8BD62C26C65100109FDC /* Info.plist */ = {isa = PBXFileReference; lastKnownFileType = text.plist.xml; path = Info.plist; sourceTree = "<group>"; };
		080D8BDB2C26C65100109FDC /* ThirtyProjectsTests.xctest */ = {isa = PBXFileReference; explicitFileType = wrapper.cfbundle; includeInIndex = 0; path = ThirtyProjectsTests.xctest; sourceTree = BUILT_PRODUCTS_DIR; };
		080D8BDF2C26C65100109FDC /* ThirtyProjectsTests.swift */ = {isa = PBXFileReference; lastKnownFileType = sourcecode.swift; path = ThirtyProjectsTests.swift; sourceTree = "<group>"; };
		080D8BE52C26C65100109FDC /* ThirtyProjectsUITests.xctest */ = {isa = PBXFileReference; explicitFileType = wrapper.cfbundle; includeInIndex = 0; path = ThirtyProjectsUITests.xctest; sourceTree = BUILT_PRODUCTS_DIR; };
		080D8BE92C26C65100109FDC /* ThirtyProjectsUITests.swift */ = {isa = PBXFileReference; lastKnownFileType = sourcecode.swift; path = ThirtyProjectsUITests.swift; sourceTree = "<group>"; };
		080D8BEB2C26C65100109FDC /* ThirtyProjectsUITestsLaunchTests.swift */ = {isa = PBXFileReference; lastKnownFileType = sourcecode.swift; path = ThirtyProjectsUITestsLaunchTests.swift; sourceTree = "<group>"; };
		080D8C002C26D3E700109FDC /* BaseViewController.swift */ = {isa = PBXFileReference; lastKnownFileType = sourcecode.swift; path = BaseViewController.swift; sourceTree = "<group>"; };
/* End PBXFileReference section */

/* Begin PBXFrameworksBuildPhase section */
		080D8BC22C26C64F00109FDC /* Frameworks */ = {
			isa = PBXFrameworksBuildPhase;
			buildActionMask = 2147483647;
			files = (
			);
			runOnlyForDeploymentPostprocessing = 0;
		};
		080D8BD82C26C65100109FDC /* Frameworks */ = {
			isa = PBXFrameworksBuildPhase;
			buildActionMask = 2147483647;
			files = (
			);
			runOnlyForDeploymentPostprocessing = 0;
		};
		080D8BE22C26C65100109FDC /* Frameworks */ = {
			isa = PBXFrameworksBuildPhase;
			buildActionMask = 2147483647;
			files = (
			);
			runOnlyForDeploymentPostprocessing = 0;
		};
/* End PBXFrameworksBuildPhase section */

/* Begin PBXGroup section */
		080D8BBC2C26C64F00109FDC = {
			isa = PBXGroup;
			children = (
				080D8BC72C26C64F00109FDC /* ThirtyProjects */,
				080D8BDE2C26C65100109FDC /* ThirtyProjectsTests */,
				080D8BE82C26C65100109FDC /* ThirtyProjectsUITests */,
				080D8BC62C26C64F00109FDC /* Products */,
			);
			sourceTree = "<group>";
		};
		080D8BC62C26C64F00109FDC /* Products */ = {
			isa = PBXGroup;
			children = (
				080D8BC52C26C64F00109FDC /* ThirtyProjects.app */,
				080D8BDB2C26C65100109FDC /* ThirtyProjectsTests.xctest */,
				080D8BE52C26C65100109FDC /* ThirtyProjectsUITests.xctest */,
			);
			name = Products;
			sourceTree = "<group>";
		};
		080D8BC72C26C64F00109FDC /* ThirtyProjects */ = {
			isa = PBXGroup;
			children = (
				080D8BF82C26D32100109FDC /* Model */,
				080D8BF92C26D32700109FDC /* View */,
				080D8BFA2C26D32C00109FDC /* ViewModel */,
				080D8BFB2C26D33400109FDC /* Services */,
				080D8BFC2C26D33A00109FDC /* Utilities */,
				080D8C022C26D44C00109FDC /* Resources */,
				080D8BFD2C26D34400109FDC /* SupportingFiles */,
			);
			path = ThirtyProjects;
			sourceTree = "<group>";
		};
		080D8BDE2C26C65100109FDC /* ThirtyProjectsTests */ = {
			isa = PBXGroup;
			children = (
				080D8BDF2C26C65100109FDC /* ThirtyProjectsTests.swift */,
			);
			path = ThirtyProjectsTests;
			sourceTree = "<group>";
		};
		080D8BE82C26C65100109FDC /* ThirtyProjectsUITests */ = {
			isa = PBXGroup;
			children = (
				080D8BE92C26C65100109FDC /* ThirtyProjectsUITests.swift */,
				080D8BEB2C26C65100109FDC /* ThirtyProjectsUITestsLaunchTests.swift */,
			);
			path = ThirtyProjectsUITests;
			sourceTree = "<group>";
		};
		080D8BF82C26D32100109FDC /* Model */ = {
			isa = PBXGroup;
			children = (
			);
			path = Model;
			sourceTree = "<group>";
		};
		080D8BF92C26D32700109FDC /* View */ = {
			isa = PBXGroup;
			children = (
				080D8BFE2C26D3C800109FDC /* ViewController */,
				080D8BFF2C26D3D000109FDC /* Storyboard */,
			);
			path = View;
			sourceTree = "<group>";
		};
		080D8BFA2C26D32C00109FDC /* ViewModel */ = {
			isa = PBXGroup;
			children = (
			);
			path = ViewModel;
			sourceTree = "<group>";
		};
		080D8BFB2C26D33400109FDC /* Services */ = {
			isa = PBXGroup;
			children = (
			);
			path = Services;
			sourceTree = "<group>";
		};
		080D8BFC2C26D33A00109FDC /* Utilities */ = {
			isa = PBXGroup;
			children = (
			);
			path = Utilities;
			sourceTree = "<group>";
		};
		080D8BFD2C26D34400109FDC /* SupportingFiles */ = {
			isa = PBXGroup;
			children = (
				080D8BC82C26C64F00109FDC /* AppDelegate.swift */,
				080D8BCA2C26C64F00109FDC /* SceneDelegate.swift */,
				080D8BD62C26C65100109FDC /* Info.plist */,
			);
			path = SupportingFiles;
			sourceTree = "<group>";
		};
		080D8BFE2C26D3C800109FDC /* ViewController */ = {
			isa = PBXGroup;
			children = (
				080D8BCC2C26C64F00109FDC /* ViewController.swift */,
				080D8C002C26D3E700109FDC /* BaseViewController.swift */,
			);
			path = ViewController;
			sourceTree = "<group>";
		};
		080D8BFF2C26D3D000109FDC /* Storyboard */ = {
			isa = PBXGroup;
			children = (
				080D8BCE2C26C64F00109FDC /* Main.storyboard */,
			);
			path = Storyboard;
			sourceTree = "<group>";
		};
		080D8C022C26D44C00109FDC /* Resources */ = {
			isa = PBXGroup;
			children = (
				080D8BD12C26C65100109FDC /* Assets.xcassets */,
				080D8BD32C26C65100109FDC /* LaunchScreen.storyboard */,
			);
			path = Resources;
			sourceTree = "<group>";
		};
/* End PBXGroup section */

/* Begin PBXNativeTarget section */
		080D8BC42C26C64F00109FDC /* ThirtyProjects */ = {
			isa = PBXNativeTarget;
			buildConfigurationList = 080D8BEF2C26C65100109FDC /* Build configuration list for PBXNativeTarget "ThirtyProjects" */;
			buildPhases = (
				080D8BC12C26C64F00109FDC /* Sources */,
				080D8BC22C26C64F00109FDC /* Frameworks */,
				080D8BC32C26C64F00109FDC /* Resources */,
			);
			buildRules = (
			);
			dependencies = (
			);
			name = ThirtyProjects;
			productName = ThirtyProjects;
			productReference = 080D8BC52C26C64F00109FDC /* ThirtyProjects.app */;
			productType = "com.apple.product-type.application";
		};
		080D8BDA2C26C65100109FDC /* ThirtyProjectsTests */ = {
			isa = PBXNativeTarget;
			buildConfigurationList = 080D8BF22C26C65100109FDC /* Build configuration list for PBXNativeTarget "ThirtyProjectsTests" */;
			buildPhases = (
				080D8BD72C26C65100109FDC /* Sources */,
				080D8BD82C26C65100109FDC /* Frameworks */,
				080D8BD92C26C65100109FDC /* Resources */,
			);
			buildRules = (
			);
			dependencies = (
				080D8BDD2C26C65100109FDC /* PBXTargetDependency */,
			);
			name = ThirtyProjectsTests;
			productName = ThirtyProjectsTests;
			productReference = 080D8BDB2C26C65100109FDC /* ThirtyProjectsTests.xctest */;
			productType = "com.apple.product-type.bundle.unit-test";
		};
		080D8BE42C26C65100109FDC /* ThirtyProjectsUITests */ = {
			isa = PBXNativeTarget;
			buildConfigurationList = 080D8BF52C26C65100109FDC /* Build configuration list for PBXNativeTarget "ThirtyProjectsUITests" */;
			buildPhases = (
				080D8BE12C26C65100109FDC /* Sources */,
				080D8BE22C26C65100109FDC /* Frameworks */,
				080D8BE32C26C65100109FDC /* Resources */,
			);
			buildRules = (
			);
			dependencies = (
				080D8BE72C26C65100109FDC /* PBXTargetDependency */,
			);
			name = ThirtyProjectsUITests;
			productName = ThirtyProjectsUITests;
			productReference = 080D8BE52C26C65100109FDC /* ThirtyProjectsUITests.xctest */;
			productType = "com.apple.product-type.bundle.ui-testing";
		};
/* End PBXNativeTarget section */

/* Begin PBXProject section */
		080D8BBD2C26C64F00109FDC /* Project object */ = {
			isa = PBXProject;
			attributes = {
				BuildIndependentTargetsInParallel = 1;
				LastSwiftUpdateCheck = 1540;
				LastUpgradeCheck = 1540;
				TargetAttributes = {
					080D8BC42C26C64F00109FDC = {
						CreatedOnToolsVersion = 15.4;
					};
					080D8BDA2C26C65100109FDC = {
						CreatedOnToolsVersion = 15.4;
						TestTargetID = 080D8BC42C26C64F00109FDC;
					};
					080D8BE42C26C65100109FDC = {
						CreatedOnToolsVersion = 15.4;
						TestTargetID = 080D8BC42C26C64F00109FDC;
					};
				};
			};
			buildConfigurationList = 080D8BC02C26C64F00109FDC /* Build configuration list for PBXProject "ThirtyProjects" */;
			compatibilityVersion = "Xcode 14.0";
			developmentRegion = en;
			hasScannedForEncodings = 0;
			knownRegions = (
				en,
				Base,
			);
			mainGroup = 080D8BBC2C26C64F00109FDC;
			productRefGroup = 080D8BC62C26C64F00109FDC /* Products */;
			projectDirPath = "";
			projectRoot = "";
			targets = (
				080D8BC42C26C64F00109FDC /* ThirtyProjects */,
				080D8BDA2C26C65100109FDC /* ThirtyProjectsTests */,
				080D8BE42C26C65100109FDC /* ThirtyProjectsUITests */,
			);
		};
/* End PBXProject section */

/* Begin PBXResourcesBuildPhase section */
		080D8BC32C26C64F00109FDC /* Resources */ = {
			isa = PBXResourcesBuildPhase;
			buildActionMask = 2147483647;
			files = (
				080D8BD22C26C65100109FDC /* Assets.xcassets in Resources */,
				080D8BD52C26C65100109FDC /* Base in Resources */,
				080D8BD02C26C64F00109FDC /* Base in Resources */,
			);
			runOnlyForDeploymentPostprocessing = 0;
		};
		080D8BD92C26C65100109FDC /* Resources */ = {
			isa = PBXResourcesBuildPhase;
			buildActionMask = 2147483647;
			files = (
			);
			runOnlyForDeploymentPostprocessing = 0;
		};
		080D8BE32C26C65100109FDC /* Resources */ = {
			isa = PBXResourcesBuildPhase;
			buildActionMask = 2147483647;
			files = (
			);
			runOnlyForDeploymentPostprocessing = 0;
		};
/* End PBXResourcesBuildPhase section */

/* Begin PBXSourcesBuildPhase section */
		080D8BC12C26C64F00109FDC /* Sources */ = {
			isa = PBXSourcesBuildPhase;
			buildActionMask = 2147483647;
			files = (
				080D8BCD2C26C64F00109FDC /* ViewController.swift in Sources */,
				080D8C012C26D3E700109FDC /* BaseViewController.swift in Sources */,
				080D8BC92C26C64F00109FDC /* AppDelegate.swift in Sources */,
				080D8BCB2C26C64F00109FDC /* SceneDelegate.swift in Sources */,
			);
			runOnlyForDeploymentPostprocessing = 0;
		};
		080D8BD72C26C65100109FDC /* Sources */ = {
			isa = PBXSourcesBuildPhase;
			buildActionMask = 2147483647;
			files = (
				080D8BE02C26C65100109FDC /* ThirtyProjectsTests.swift in Sources */,
			);
			runOnlyForDeploymentPostprocessing = 0;
		};
		080D8BE12C26C65100109FDC /* Sources */ = {
			isa = PBXSourcesBuildPhase;
			buildActionMask = 2147483647;
			files = (
				080D8BEC2C26C65100109FDC /* ThirtyProjectsUITestsLaunchTests.swift in Sources */,
				080D8BEA2C26C65100109FDC /* ThirtyProjectsUITests.swift in Sources */,
			);
			runOnlyForDeploymentPostprocessing = 0;
		};
/* End PBXSourcesBuildPhase section */

/* Begin PBXTargetDependency section */
		080D8BDD2C26C65100109FDC /* PBXTargetDependency */ = {
			isa = PBXTargetDependency;
			target = 080D8BC42C26C64F00109FDC /* ThirtyProjects */;
			targetProxy = 080D8BDC2C26C65100109FDC /* PBXContainerItemProxy */;
		};
		080D8BE72C26C65100109FDC /* PBXTargetDependency */ = {
			isa = PBXTargetDependency;
			target = 080D8BC42C26C64F00109FDC /* ThirtyProjects */;
			targetProxy = 080D8BE62C26C65100109FDC /* PBXContainerItemProxy */;
		};
/* End PBXTargetDependency section */

/* Begin PBXVariantGroup section */
		080D8BCE2C26C64F00109FDC /* Main.storyboard */ = {
			isa = PBXVariantGroup;
			children = (
				080D8BCF2C26C64F00109FDC /* Base */,
			);
			name = Main.storyboard;
			sourceTree = "<group>";
		};
		080D8BD32C26C65100109FDC /* LaunchScreen.storyboard */ = {
			isa = PBXVariantGroup;
			children = (
				080D8BD42C26C65100109FDC /* Base */,
			);
			name = LaunchScreen.storyboard;
			sourceTree = "<group>";
		};
/* End PBXVariantGroup section */

/* Begin XCBuildConfiguration section */
		080D8BED2C26C65100109FDC /* Debug */ = {
			isa = XCBuildConfiguration;
			buildSettings = {
				ALWAYS_SEARCH_USER_PATHS = NO;
				ASSETCATALOG_COMPILER_GENERATE_SWIFT_ASSET_SYMBOL_EXTENSIONS = YES;
				CLANG_ANALYZER_NONNULL = YES;
				CLANG_ANALYZER_NUMBER_OBJECT_CONVERSION = YES_AGGRESSIVE;
				CLANG_CXX_LANGUAGE_STANDARD = "gnu++20";
				CLANG_ENABLE_MODULES = YES;
				CLANG_ENABLE_OBJC_ARC = YES;
				CLANG_ENABLE_OBJC_WEAK = YES;
				CLANG_WARN_BLOCK_CAPTURE_AUTORELEASING = YES;
				CLANG_WARN_BOOL_CONVERSION = YES;
				CLANG_WARN_COMMA = YES;
				CLANG_WARN_CONSTANT_CONVERSION = YES;
				CLANG_WARN_DEPRECATED_OBJC_IMPLEMENTATIONS = YES;
				CLANG_WARN_DIRECT_OBJC_ISA_USAGE = YES_ERROR;
				CLANG_WARN_DOCUMENTATION_COMMENTS = YES;
				CLANG_WARN_EMPTY_BODY = YES;
				CLANG_WARN_ENUM_CONVERSION = YES;
				CLANG_WARN_INFINITE_RECURSION = YES;
				CLANG_WARN_INT_CONVERSION = YES;
				CLANG_WARN_NON_LITERAL_NULL_CONVERSION = YES;
				CLANG_WARN_OBJC_IMPLICIT_RETAIN_SELF = YES;
				CLANG_WARN_OBJC_LITERAL_CONVERSION = YES;
				CLANG_WARN_OBJC_ROOT_CLASS = YES_ERROR;
				CLANG_WARN_QUOTED_INCLUDE_IN_FRAMEWORK_HEADER = YES;
				CLANG_WARN_RANGE_LOOP_ANALYSIS = YES;
				CLANG_WARN_STRICT_PROTOTYPES = YES;
				CLANG_WARN_SUSPICIOUS_MOVE = YES;
				CLANG_WARN_UNGUARDED_AVAILABILITY = YES_AGGRESSIVE;
				CLANG_WARN_UNREACHABLE_CODE = YES;
				CLANG_WARN__DUPLICATE_METHOD_MATCH = YES;
				COPY_PHASE_STRIP = NO;
				DEBUG_INFORMATION_FORMAT = dwarf;
				ENABLE_STRICT_OBJC_MSGSEND = YES;
				ENABLE_TESTABILITY = YES;
				ENABLE_USER_SCRIPT_SANDBOXING = YES;
				GCC_C_LANGUAGE_STANDARD = gnu17;
				GCC_DYNAMIC_NO_PIC = NO;
				GCC_NO_COMMON_BLOCKS = YES;
				GCC_OPTIMIZATION_LEVEL = 0;
				GCC_PREPROCESSOR_DEFINITIONS = (
					"DEBUG=1",
					"$(inherited)",
				);
				GCC_WARN_64_TO_32_BIT_CONVERSION = YES;
				GCC_WARN_ABOUT_RETURN_TYPE = YES_ERROR;
				GCC_WARN_UNDECLARED_SELECTOR = YES;
				GCC_WARN_UNINITIALIZED_AUTOS = YES_AGGRESSIVE;
				GCC_WARN_UNUSED_FUNCTION = YES;
				GCC_WARN_UNUSED_VARIABLE = YES;
				IPHONEOS_DEPLOYMENT_TARGET = 13.0;
				LOCALIZATION_PREFERS_STRING_CATALOGS = YES;
				MTL_ENABLE_DEBUG_INFO = INCLUDE_SOURCE;
				MTL_FAST_MATH = YES;
				ONLY_ACTIVE_ARCH = YES;
				SDKROOT = iphoneos;
				SWIFT_ACTIVE_COMPILATION_CONDITIONS = "DEBUG $(inherited)";
				SWIFT_OPTIMIZATION_LEVEL = "-Onone";
			};
			name = Debug;
		};
		080D8BEE2C26C65100109FDC /* Release */ = {
			isa = XCBuildConfiguration;
			buildSettings = {
				ALWAYS_SEARCH_USER_PATHS = NO;
				ASSETCATALOG_COMPILER_GENERATE_SWIFT_ASSET_SYMBOL_EXTENSIONS = YES;
				CLANG_ANALYZER_NONNULL = YES;
				CLANG_ANALYZER_NUMBER_OBJECT_CONVERSION = YES_AGGRESSIVE;
				CLANG_CXX_LANGUAGE_STANDARD = "gnu++20";
				CLANG_ENABLE_MODULES = YES;
				CLANG_ENABLE_OBJC_ARC = YES;
				CLANG_ENABLE_OBJC_WEAK = YES;
				CLANG_WARN_BLOCK_CAPTURE_AUTORELEASING = YES;
				CLANG_WARN_BOOL_CONVERSION = YES;
				CLANG_WARN_COMMA = YES;
				CLANG_WARN_CONSTANT_CONVERSION = YES;
				CLANG_WARN_DEPRECATED_OBJC_IMPLEMENTATIONS = YES;
				CLANG_WARN_DIRECT_OBJC_ISA_USAGE = YES_ERROR;
				CLANG_WARN_DOCUMENTATION_COMMENTS = YES;
				CLANG_WARN_EMPTY_BODY = YES;
				CLANG_WARN_ENUM_CONVERSION = YES;
				CLANG_WARN_INFINITE_RECURSION = YES;
				CLANG_WARN_INT_CONVERSION = YES;
				CLANG_WARN_NON_LITERAL_NULL_CONVERSION = YES;
				CLANG_WARN_OBJC_IMPLICIT_RETAIN_SELF = YES;
				CLANG_WARN_OBJC_LITERAL_CONVERSION = YES;
				CLANG_WARN_OBJC_ROOT_CLASS = YES_ERROR;
				CLANG_WARN_QUOTED_INCLUDE_IN_FRAMEWORK_HEADER = YES;
				CLANG_WARN_RANGE_LOOP_ANALYSIS = YES;
				CLANG_WARN_STRICT_PROTOTYPES = YES;
				CLANG_WARN_SUSPICIOUS_MOVE = YES;
				CLANG_WARN_UNGUARDED_AVAILABILITY = YES_AGGRESSIVE;
				CLANG_WARN_UNREACHABLE_CODE = YES;
				CLANG_WARN__DUPLICATE_METHOD_MATCH = YES;
				COPY_PHASE_STRIP = NO;
				DEBUG_INFORMATION_FORMAT = "dwarf-with-dsym";
				ENABLE_NS_ASSERTIONS = NO;
				ENABLE_STRICT_OBJC_MSGSEND = YES;
				ENABLE_USER_SCRIPT_SANDBOXING = YES;
				GCC_C_LANGUAGE_STANDARD = gnu17;
				GCC_NO_COMMON_BLOCKS = YES;
				GCC_WARN_64_TO_32_BIT_CONVERSION = YES;
				GCC_WARN_ABOUT_RETURN_TYPE = YES_ERROR;
				GCC_WARN_UNDECLARED_SELECTOR = YES;
				GCC_WARN_UNINITIALIZED_AUTOS = YES_AGGRESSIVE;
				GCC_WARN_UNUSED_FUNCTION = YES;
				GCC_WARN_UNUSED_VARIABLE = YES;
				IPHONEOS_DEPLOYMENT_TARGET = 13.0;
				LOCALIZATION_PREFERS_STRING_CATALOGS = YES;
				MTL_ENABLE_DEBUG_INFO = NO;
				MTL_FAST_MATH = YES;
				SDKROOT = iphoneos;
				SWIFT_COMPILATION_MODE = wholemodule;
				VALIDATE_PRODUCT = YES;
			};
			name = Release;
		};
		080D8BF02C26C65100109FDC /* Debug */ = {
			isa = XCBuildConfiguration;
			buildSettings = {
				ASSETCATALOG_COMPILER_APPICON_NAME = AppIcon;
				ASSETCATALOG_COMPILER_GLOBAL_ACCENT_COLOR_NAME = AccentColor;
				CODE_SIGN_STYLE = Automatic;
				CURRENT_PROJECT_VERSION = 1;
				DEVELOPMENT_TEAM = SSSKDNX4UC;
				GENERATE_INFOPLIST_FILE = YES;
				INFOPLIST_FILE = ThirtyProjects/SupportingFiles/Info.plist;
				INFOPLIST_KEY_UIApplicationSupportsIndirectInputEvents = YES;
				INFOPLIST_KEY_UILaunchStoryboardName = LaunchScreen;
				INFOPLIST_KEY_UIMainStoryboardFile = Main;
				INFOPLIST_KEY_UISupportedInterfaceOrientations_iPad = "UIInterfaceOrientationPortrait UIInterfaceOrientationPortraitUpsideDown UIInterfaceOrientationLandscapeLeft UIInterfaceOrientationLandscapeRight";
				INFOPLIST_KEY_UISupportedInterfaceOrientations_iPhone = "UIInterfaceOrientationPortrait UIInterfaceOrientationLandscapeLeft UIInterfaceOrientationLandscapeRight";
				IPHONEOS_DEPLOYMENT_TARGET = 13.0;
				LD_RUNPATH_SEARCH_PATHS = (
					"$(inherited)",
					"@executable_path/Frameworks",
				);
				MARKETING_VERSION = 1.0;
				PRODUCT_BUNDLE_IDENTIFIER = com.heechan.ThirtyProjects;
				PRODUCT_NAME = "$(TARGET_NAME)";
				SWIFT_EMIT_LOC_STRINGS = YES;
				SWIFT_VERSION = 5.0;
				TARGETED_DEVICE_FAMILY = "1,2";
			};
			name = Debug;
		};
		080D8BF12C26C65100109FDC /* Release */ = {
			isa = XCBuildConfiguration;
			buildSettings = {
				ASSETCATALOG_COMPILER_APPICON_NAME = AppIcon;
				ASSETCATALOG_COMPILER_GLOBAL_ACCENT_COLOR_NAME = AccentColor;
				CODE_SIGN_STYLE = Automatic;
				CURRENT_PROJECT_VERSION = 1;
				DEVELOPMENT_TEAM = SSSKDNX4UC;
				GENERATE_INFOPLIST_FILE = YES;
				INFOPLIST_FILE = ThirtyProjects/SupportingFiles/Info.plist;
				INFOPLIST_KEY_UIApplicationSupportsIndirectInputEvents = YES;
				INFOPLIST_KEY_UILaunchStoryboardName = LaunchScreen;
				INFOPLIST_KEY_UIMainStoryboardFile = Main;
				INFOPLIST_KEY_UISupportedInterfaceOrientations_iPad = "UIInterfaceOrientationPortrait UIInterfaceOrientationPortraitUpsideDown UIInterfaceOrientationLandscapeLeft UIInterfaceOrientationLandscapeRight";
				INFOPLIST_KEY_UISupportedInterfaceOrientations_iPhone = "UIInterfaceOrientationPortrait UIInterfaceOrientationLandscapeLeft UIInterfaceOrientationLandscapeRight";
				IPHONEOS_DEPLOYMENT_TARGET = 13.0;
				LD_RUNPATH_SEARCH_PATHS = (
					"$(inherited)",
					"@executable_path/Frameworks",
				);
				MARKETING_VERSION = 1.0;
				PRODUCT_BUNDLE_IDENTIFIER = com.heechan.ThirtyProjects;
				PRODUCT_NAME = "$(TARGET_NAME)";
				SWIFT_EMIT_LOC_STRINGS = YES;
				SWIFT_VERSION = 5.0;
				TARGETED_DEVICE_FAMILY = "1,2";
			};
			name = Release;
		};
		080D8BF32C26C65100109FDC /* Debug */ = {
			isa = XCBuildConfiguration;
			buildSettings = {
				ALWAYS_EMBED_SWIFT_STANDARD_LIBRARIES = YES;
				BUNDLE_LOADER = "$(TEST_HOST)";
				CODE_SIGN_STYLE = Automatic;
				CURRENT_PROJECT_VERSION = 1;
				DEVELOPMENT_TEAM = SSSKDNX4UC;
				GENERATE_INFOPLIST_FILE = YES;
				IPHONEOS_DEPLOYMENT_TARGET = 17.5;
				MARKETING_VERSION = 1.0;
				PRODUCT_BUNDLE_IDENTIFIER = com.heechan.ThirtyProjectsTests;
				PRODUCT_NAME = "$(TARGET_NAME)";
				SWIFT_EMIT_LOC_STRINGS = NO;
				SWIFT_VERSION = 5.0;
				TARGETED_DEVICE_FAMILY = "1,2";
				TEST_HOST = "$(BUILT_PRODUCTS_DIR)/ThirtyProjects.app/$(BUNDLE_EXECUTABLE_FOLDER_PATH)/ThirtyProjects";
			};
			name = Debug;
		};
		080D8BF42C26C65100109FDC /* Release */ = {
			isa = XCBuildConfiguration;
			buildSettings = {
				ALWAYS_EMBED_SWIFT_STANDARD_LIBRARIES = YES;
				BUNDLE_LOADER = "$(TEST_HOST)";
				CODE_SIGN_STYLE = Automatic;
				CURRENT_PROJECT_VERSION = 1;
				DEVELOPMENT_TEAM = SSSKDNX4UC;
				GENERATE_INFOPLIST_FILE = YES;
				IPHONEOS_DEPLOYMENT_TARGET = 17.5;
				MARKETING_VERSION = 1.0;
				PRODUCT_BUNDLE_IDENTIFIER = com.heechan.ThirtyProjectsTests;
				PRODUCT_NAME = "$(TARGET_NAME)";
				SWIFT_EMIT_LOC_STRINGS = NO;
				SWIFT_VERSION = 5.0;
				TARGETED_DEVICE_FAMILY = "1,2";
				TEST_HOST = "$(BUILT_PRODUCTS_DIR)/ThirtyProjects.app/$(BUNDLE_EXECUTABLE_FOLDER_PATH)/ThirtyProjects";
			};
			name = Release;
		};
		080D8BF62C26C65100109FDC /* Debug */ = {
			isa = XCBuildConfiguration;
			buildSettings = {
				ALWAYS_EMBED_SWIFT_STANDARD_LIBRARIES = YES;
				CODE_SIGN_STYLE = Automatic;
				CURRENT_PROJECT_VERSION = 1;
				DEVELOPMENT_TEAM = SSSKDNX4UC;
				GENERATE_INFOPLIST_FILE = YES;
				MARKETING_VERSION = 1.0;
				PRODUCT_BUNDLE_IDENTIFIER = com.heechan.ThirtyProjectsUITests;
				PRODUCT_NAME = "$(TARGET_NAME)";
				SWIFT_EMIT_LOC_STRINGS = NO;
				SWIFT_VERSION = 5.0;
				TARGETED_DEVICE_FAMILY = "1,2";
				TEST_TARGET_NAME = ThirtyProjects;
			};
			name = Debug;
		};
		080D8BF72C26C65100109FDC /* Release */ = {
			isa = XCBuildConfiguration;
			buildSettings = {
				ALWAYS_EMBED_SWIFT_STANDARD_LIBRARIES = YES;
				CODE_SIGN_STYLE = Automatic;
				CURRENT_PROJECT_VERSION = 1;
				DEVELOPMENT_TEAM = SSSKDNX4UC;
				GENERATE_INFOPLIST_FILE = YES;
				MARKETING_VERSION = 1.0;
				PRODUCT_BUNDLE_IDENTIFIER = com.heechan.ThirtyProjectsUITests;
				PRODUCT_NAME = "$(TARGET_NAME)";
				SWIFT_EMIT_LOC_STRINGS = NO;
				SWIFT_VERSION = 5.0;
				TARGETED_DEVICE_FAMILY = "1,2";
				TEST_TARGET_NAME = ThirtyProjects;
			};
			name = Release;
		};
/* End XCBuildConfiguration section */

/* Begin XCConfigurationList section */
		080D8BC02C26C64F00109FDC /* Build configuration list for PBXProject "ThirtyProjects" */ = {
			isa = XCConfigurationList;
			buildConfigurations = (
				080D8BED2C26C65100109FDC /* Debug */,
				080D8BEE2C26C65100109FDC /* Release */,
			);
			defaultConfigurationIsVisible = 0;
			defaultConfigurationName = Release;
		};
		080D8BEF2C26C65100109FDC /* Build configuration list for PBXNativeTarget "ThirtyProjects" */ = {
			isa = XCConfigurationList;
			buildConfigurations = (
				080D8BF02C26C65100109FDC /* Debug */,
				080D8BF12C26C65100109FDC /* Release */,
			);
			defaultConfigurationIsVisible = 0;
			defaultConfigurationName = Release;
		};
		080D8BF22C26C65100109FDC /* Build configuration list for PBXNativeTarget "ThirtyProjectsTests" */ = {
			isa = XCConfigurationList;
			buildConfigurations = (
				080D8BF32C26C65100109FDC /* Debug */,
				080D8BF42C26C65100109FDC /* Release */,
			);
			defaultConfigurationIsVisible = 0;
			defaultConfigurationName = Release;
		};
		080D8BF52C26C65100109FDC /* Build configuration list for PBXNativeTarget "ThirtyProjectsUITests" */ = {
			isa = XCConfigurationList;
			buildConfigurations = (
				080D8BF62C26C65100109FDC /* Debug */,
				080D8BF72C26C65100109FDC /* Release */,
			);
			defaultConfigurationIsVisible = 0;
			defaultConfigurationName = Release;
		};
/* End XCConfigurationList section */
	};
	rootObject = 080D8BBD2C26C64F00109FDC /* Project object */;
}
